// !$*UTF8*$!
{
	archiveVersion = 1;
	classes = {
	};
	objectVersion = 51;
	objects = {

/* Begin PBXBuildFile section */
		4114E1C2245C5FF7004723D5 /* GoogleService-Info.plist in Resources */ = {isa = PBXBuildFile; fileRef = 4114E1C1245C5FF7004723D5 /* GoogleService-Info.plist */; };
		416D138A247C203F00692CF2 /* SignUpViewController.swift in Sources */ = {isa = PBXBuildFile; fileRef = 416D1389247C203F00692CF2 /* SignUpViewController.swift */; };
		416D138C247C204E00692CF2 /* LogInViewController.swift in Sources */ = {isa = PBXBuildFile; fileRef = 416D138B247C204E00692CF2 /* LogInViewController.swift */; };
		416D138E247C205C00692CF2 /* HomeViewController.swift in Sources */ = {isa = PBXBuildFile; fileRef = 416D138D247C205C00692CF2 /* HomeViewController.swift */; };
		416D1391247C3ED500692CF2 /* Utilities.swift in Sources */ = {isa = PBXBuildFile; fileRef = 416D1390247C3ED500692CF2 /* Utilities.swift */; };
		416D1394247C415400692CF2 /* LoginAndSignUpViewController.swift in Sources */ = {isa = PBXBuildFile; fileRef = 416D1393247C415400692CF2 /* LoginAndSignUpViewController.swift */; };
		416D1396247C4F7800692CF2 /* Constants.swift in Sources */ = {isa = PBXBuildFile; fileRef = 416D1395247C4F7800692CF2 /* Constants.swift */; };
		418F225224668A23000743C8 /* Question.swift in Sources */ = {isa = PBXBuildFile; fileRef = 418F225124668A23000743C8 /* Question.swift */; };
		418F225424668AF4000743C8 /* QuestionBank.swift in Sources */ = {isa = PBXBuildFile; fileRef = 418F225324668AF4000743C8 /* QuestionBank.swift */; };
		41AEFD65247D592300FF386D /* Clasament.swift in Sources */ = {isa = PBXBuildFile; fileRef = 41AEFD64247D592300FF386D /* Clasament.swift */; };
		41BE29BF245C4C9A009B01C4 /* AppDelegate.swift in Sources */ = {isa = PBXBuildFile; fileRef = 41BE29BE245C4C9A009B01C4 /* AppDelegate.swift */; };
		41BE29C1245C4C9A009B01C4 /* SceneDelegate.swift in Sources */ = {isa = PBXBuildFile; fileRef = 41BE29C0245C4C9A009B01C4 /* SceneDelegate.swift */; };
		41BE29C3245C4C9A009B01C4 /* ViewController.swift in Sources */ = {isa = PBXBuildFile; fileRef = 41BE29C2245C4C9A009B01C4 /* ViewController.swift */; };
		41BE29C6245C4C9A009B01C4 /* Main.storyboard in Resources */ = {isa = PBXBuildFile; fileRef = 41BE29C4245C4C9A009B01C4 /* Main.storyboard */; };
		41BE29C8245C4C9D009B01C4 /* Assets.xcassets in Resources */ = {isa = PBXBuildFile; fileRef = 41BE29C7245C4C9D009B01C4 /* Assets.xcassets */; };
		41BE29CB245C4C9D009B01C4 /* LaunchScreen.storyboard in Resources */ = {isa = PBXBuildFile; fileRef = 41BE29C9245C4C9D009B01C4 /* LaunchScreen.storyboard */; };
		41BE29D6245C4C9E009B01C4 /* OrtografieQuizTests.swift in Sources */ = {isa = PBXBuildFile; fileRef = 41BE29D5245C4C9E009B01C4 /* OrtografieQuizTests.swift */; };
		41FD91A52469B2E200F2FC36 /* ProgressHUD.bundle in Resources */ = {isa = PBXBuildFile; fileRef = 41FD91A22469B2E200F2FC36 /* ProgressHUD.bundle */; };
		41FD91A62469B2E200F2FC36 /* ProgressHUD.m in Sources */ = {isa = PBXBuildFile; fileRef = 41FD91A42469B2E200F2FC36 /* ProgressHUD.m */; };
		AEEAECB642E4D453CC781311 /* Pods_OrtografieQuiz.framework in Frameworks */ = {isa = PBXBuildFile; fileRef = 8F9EC04C1D7BB7DDC2844D83 /* Pods_OrtografieQuiz.framework */; };
		CC5C050AE2FBD3F9FAE56A8E /* Pods_OrtografieQuizTests.framework in Frameworks */ = {isa = PBXBuildFile; fileRef = 13BA4ABFB123A9565CB685ED /* Pods_OrtografieQuizTests.framework */; };
/* End PBXBuildFile section */

/* Begin PBXContainerItemProxy section */
		41BE29D2245C4C9E009B01C4 /* PBXContainerItemProxy */ = {
			isa = PBXContainerItemProxy;
			containerPortal = 41BE29B3245C4C9A009B01C4 /* Project object */;
			proxyType = 1;
			remoteGlobalIDString = 41BE29BA245C4C9A009B01C4;
			remoteInfo = OrtografieQuiz;
		};
/* End PBXContainerItemProxy section */

/* Begin PBXFileReference section */
		13BA4ABFB123A9565CB685ED /* Pods_OrtografieQuizTests.framework */ = {isa = PBXFileReference; explicitFileType = wrapper.framework; includeInIndex = 0; path = Pods_OrtografieQuizTests.framework; sourceTree = BUILT_PRODUCTS_DIR; };
		3E6D03414DF2A4D4CDEF7052 /* Pods-OrtografieQuizTests.release.xcconfig */ = {isa = PBXFileReference; includeInIndex = 1; lastKnownFileType = text.xcconfig; name = "Pods-OrtografieQuizTests.release.xcconfig"; path = "Target Support Files/Pods-OrtografieQuizTests/Pods-OrtografieQuizTests.release.xcconfig"; sourceTree = "<group>"; };
		4114E1C1245C5FF7004723D5 /* GoogleService-Info.plist */ = {isa = PBXFileReference; fileEncoding = 4; lastKnownFileType = text.plist.xml; path = "GoogleService-Info.plist"; sourceTree = "<group>"; };
		416D1389247C203F00692CF2 /* SignUpViewController.swift */ = {isa = PBXFileReference; lastKnownFileType = sourcecode.swift; path = SignUpViewController.swift; sourceTree = "<group>"; };
		416D138B247C204E00692CF2 /* LogInViewController.swift */ = {isa = PBXFileReference; lastKnownFileType = sourcecode.swift; path = LogInViewController.swift; sourceTree = "<group>"; };
		416D138D247C205C00692CF2 /* HomeViewController.swift */ = {isa = PBXFileReference; lastKnownFileType = sourcecode.swift; path = HomeViewController.swift; sourceTree = "<group>"; };
		416D1390247C3ED500692CF2 /* Utilities.swift */ = {isa = PBXFileReference; fileEncoding = 4; lastKnownFileType = sourcecode.swift; path = Utilities.swift; sourceTree = "<group>"; };
		416D1393247C415400692CF2 /* LoginAndSignUpViewController.swift */ = {isa = PBXFileReference; lastKnownFileType = sourcecode.swift; path = LoginAndSignUpViewController.swift; sourceTree = "<group>"; };
		416D1395247C4F7800692CF2 /* Constants.swift */ = {isa = PBXFileReference; lastKnownFileType = sourcecode.swift; path = Constants.swift; sourceTree = "<group>"; };
		418F225124668A23000743C8 /* Question.swift */ = {isa = PBXFileReference; lastKnownFileType = sourcecode.swift; path = Question.swift; sourceTree = "<group>"; };
		418F225324668AF4000743C8 /* QuestionBank.swift */ = {isa = PBXFileReference; lastKnownFileType = sourcecode.swift; path = QuestionBank.swift; sourceTree = "<group>"; };
		41AEFD64247D592300FF386D /* Clasament.swift */ = {isa = PBXFileReference; lastKnownFileType = sourcecode.swift; path = Clasament.swift; sourceTree = "<group>"; };
		41BE29BB245C4C9A009B01C4 /* OrtografieQuiz.app */ = {isa = PBXFileReference; explicitFileType = wrapper.application; includeInIndex = 0; path = OrtografieQuiz.app; sourceTree = BUILT_PRODUCTS_DIR; };
		41BE29BE245C4C9A009B01C4 /* AppDelegate.swift */ = {isa = PBXFileReference; lastKnownFileType = sourcecode.swift; path = AppDelegate.swift; sourceTree = "<group>"; };
		41BE29C0245C4C9A009B01C4 /* SceneDelegate.swift */ = {isa = PBXFileReference; lastKnownFileType = sourcecode.swift; path = SceneDelegate.swift; sourceTree = "<group>"; };
		41BE29C2245C4C9A009B01C4 /* ViewController.swift */ = {isa = PBXFileReference; lastKnownFileType = sourcecode.swift; path = ViewController.swift; sourceTree = "<group>"; };
		41BE29C5245C4C9A009B01C4 /* Base */ = {isa = PBXFileReference; lastKnownFileType = file.storyboard; name = Base; path = Base.lproj/Main.storyboard; sourceTree = "<group>"; };
		41BE29C7245C4C9D009B01C4 /* Assets.xcassets */ = {isa = PBXFileReference; lastKnownFileType = folder.assetcatalog; path = Assets.xcassets; sourceTree = "<group>"; };
		41BE29CA245C4C9D009B01C4 /* Base */ = {isa = PBXFileReference; lastKnownFileType = file.storyboard; name = Base; path = Base.lproj/LaunchScreen.storyboard; sourceTree = "<group>"; };
		41BE29CC245C4C9D009B01C4 /* Info.plist */ = {isa = PBXFileReference; lastKnownFileType = text.plist.xml; path = Info.plist; sourceTree = "<group>"; };
		41BE29D1245C4C9E009B01C4 /* OrtografieQuizTests.xctest */ = {isa = PBXFileReference; explicitFileType = wrapper.cfbundle; includeInIndex = 0; path = OrtografieQuizTests.xctest; sourceTree = BUILT_PRODUCTS_DIR; };
		41BE29D5245C4C9E009B01C4 /* OrtografieQuizTests.swift */ = {isa = PBXFileReference; lastKnownFileType = sourcecode.swift; path = OrtografieQuizTests.swift; sourceTree = "<group>"; };
		41BE29D7245C4C9E009B01C4 /* Info.plist */ = {isa = PBXFileReference; lastKnownFileType = text.plist.xml; path = Info.plist; sourceTree = "<group>"; };
		41FD91A12469B2E100F2FC36 /* OrtografieQuiz-Bridging-Header.h */ = {isa = PBXFileReference; lastKnownFileType = sourcecode.c.h; path = "OrtografieQuiz-Bridging-Header.h"; sourceTree = "<group>"; };
		41FD91A22469B2E200F2FC36 /* ProgressHUD.bundle */ = {isa = PBXFileReference; lastKnownFileType = "wrapper.plug-in"; path = ProgressHUD.bundle; sourceTree = "<group>"; };
		41FD91A32469B2E200F2FC36 /* ProgressHUD.h */ = {isa = PBXFileReference; fileEncoding = 4; lastKnownFileType = sourcecode.c.h; path = ProgressHUD.h; sourceTree = "<group>"; };
		41FD91A42469B2E200F2FC36 /* ProgressHUD.m */ = {isa = PBXFileReference; fileEncoding = 4; lastKnownFileType = sourcecode.c.objc; path = ProgressHUD.m; sourceTree = "<group>"; };
		4A7A454AD2B8C714067FB33B /* Pods-OrtografieQuiz.release.xcconfig */ = {isa = PBXFileReference; includeInIndex = 1; lastKnownFileType = text.xcconfig; name = "Pods-OrtografieQuiz.release.xcconfig"; path = "Target Support Files/Pods-OrtografieQuiz/Pods-OrtografieQuiz.release.xcconfig"; sourceTree = "<group>"; };
		8F9EC04C1D7BB7DDC2844D83 /* Pods_OrtografieQuiz.framework */ = {isa = PBXFileReference; explicitFileType = wrapper.framework; includeInIndex = 0; path = Pods_OrtografieQuiz.framework; sourceTree = BUILT_PRODUCTS_DIR; };
		B4715D2142C5546B6EC8DE66 /* Pods-OrtografieQuiz.debug.xcconfig */ = {isa = PBXFileReference; includeInIndex = 1; lastKnownFileType = text.xcconfig; name = "Pods-OrtografieQuiz.debug.xcconfig"; path = "Target Support Files/Pods-OrtografieQuiz/Pods-OrtografieQuiz.debug.xcconfig"; sourceTree = "<group>"; };
		D6927B892474ED383333C2DE /* Pods-OrtografieQuizTests.debug.xcconfig */ = {isa = PBXFileReference; includeInIndex = 1; lastKnownFileType = text.xcconfig; name = "Pods-OrtografieQuizTests.debug.xcconfig"; path = "Target Support Files/Pods-OrtografieQuizTests/Pods-OrtografieQuizTests.debug.xcconfig"; sourceTree = "<group>"; };
/* End PBXFileReference section */

/* Begin PBXFrameworksBuildPhase section */
		41BE29B8245C4C9A009B01C4 /* Frameworks */ = {
			isa = PBXFrameworksBuildPhase;
			buildActionMask = 2147483647;
			files = (
				AEEAECB642E4D453CC781311 /* Pods_OrtografieQuiz.framework in Frameworks */,
			);
			runOnlyForDeploymentPostprocessing = 0;
		};
		41BE29CE245C4C9E009B01C4 /* Frameworks */ = {
			isa = PBXFrameworksBuildPhase;
			buildActionMask = 2147483647;
			files = (
				CC5C050AE2FBD3F9FAE56A8E /* Pods_OrtografieQuizTests.framework in Frameworks */,
			);
			runOnlyForDeploymentPostprocessing = 0;
		};
/* End PBXFrameworksBuildPhase section */

/* Begin PBXGroup section */
		0C3214508DAFFA4CB5E4A118 /* Frameworks */ = {
			isa = PBXGroup;
			children = (
				8F9EC04C1D7BB7DDC2844D83 /* Pods_OrtografieQuiz.framework */,
				13BA4ABFB123A9565CB685ED /* Pods_OrtografieQuizTests.framework */,
			);
			name = Frameworks;
			sourceTree = "<group>";
		};
		416D138F247C206400692CF2 /* ViewControllers */ = {
			isa = PBXGroup;
			children = (
				41BE29C2245C4C9A009B01C4 /* ViewController.swift */,
				416D1389247C203F00692CF2 /* SignUpViewController.swift */,
				416D138B247C204E00692CF2 /* LogInViewController.swift */,
				416D138D247C205C00692CF2 /* HomeViewController.swift */,
				416D1393247C415400692CF2 /* LoginAndSignUpViewController.swift */,
			);
			path = ViewControllers;
			sourceTree = "<group>";
		};
		416D1392247C3EDC00692CF2 /* Helpers */ = {
			isa = PBXGroup;
			children = (
				416D1390247C3ED500692CF2 /* Utilities.swift */,
				416D1395247C4F7800692CF2 /* Constants.swift */,
			);
			path = Helpers;
			sourceTree = "<group>";
		};
		418F225024668A07000743C8 /* Model */ = {
			isa = PBXGroup;
			children = (
				418F225124668A23000743C8 /* Question.swift */,
				418F225324668AF4000743C8 /* QuestionBank.swift */,
				41AEFD64247D592300FF386D /* Clasament.swift */,
			);
			path = Model;
			sourceTree = "<group>";
		};
		41BE29B2245C4C9A009B01C4 = {
			isa = PBXGroup;
			children = (
				41BE29BD245C4C9A009B01C4 /* OrtografieQuiz */,
				41BE29D4245C4C9E009B01C4 /* OrtografieQuizTests */,
				41BE29BC245C4C9A009B01C4 /* Products */,
				E427DF101673471FE58A8C23 /* Pods */,
				0C3214508DAFFA4CB5E4A118 /* Frameworks */,
			);
			sourceTree = "<group>";
		};
		41BE29BC245C4C9A009B01C4 /* Products */ = {
			isa = PBXGroup;
			children = (
				41BE29BB245C4C9A009B01C4 /* OrtografieQuiz.app */,
				41BE29D1245C4C9E009B01C4 /* OrtografieQuizTests.xctest */,
			);
			name = Products;
			sourceTree = "<group>";
		};
		41BE29BD245C4C9A009B01C4 /* OrtografieQuiz */ = {
			isa = PBXGroup;
			children = (
				416D1392247C3EDC00692CF2 /* Helpers */,
				416D138F247C206400692CF2 /* ViewControllers */,
				41FD91A02469B2B800F2FC36 /* Utils */,
				418F225024668A07000743C8 /* Model */,
				41BE29BE245C4C9A009B01C4 /* AppDelegate.swift */,
				41BE29C0245C4C9A009B01C4 /* SceneDelegate.swift */,
				41BE29C4245C4C9A009B01C4 /* Main.storyboard */,
				41BE29C7245C4C9D009B01C4 /* Assets.xcassets */,
				41BE29C9245C4C9D009B01C4 /* LaunchScreen.storyboard */,
				4114E1C1245C5FF7004723D5 /* GoogleService-Info.plist */,
				41BE29CC245C4C9D009B01C4 /* Info.plist */,
			);
			path = OrtografieQuiz;
			sourceTree = "<group>";
		};
		41BE29D4245C4C9E009B01C4 /* OrtografieQuizTests */ = {
			isa = PBXGroup;
			children = (
				41BE29D5245C4C9E009B01C4 /* OrtografieQuizTests.swift */,
				41BE29D7245C4C9E009B01C4 /* Info.plist */,
			);
			path = OrtografieQuizTests;
			sourceTree = "<group>";
		};
		41FD91A02469B2B800F2FC36 /* Utils */ = {
			isa = PBXGroup;
			children = (
				41FD91A22469B2E200F2FC36 /* ProgressHUD.bundle */,
				41FD91A32469B2E200F2FC36 /* ProgressHUD.h */,
				41FD91A42469B2E200F2FC36 /* ProgressHUD.m */,
				41FD91A12469B2E100F2FC36 /* OrtografieQuiz-Bridging-Header.h */,
			);
			path = Utils;
			sourceTree = "<group>";
		};
		E427DF101673471FE58A8C23 /* Pods */ = {
			isa = PBXGroup;
			children = (
				B4715D2142C5546B6EC8DE66 /* Pods-OrtografieQuiz.debug.xcconfig */,
				4A7A454AD2B8C714067FB33B /* Pods-OrtografieQuiz.release.xcconfig */,
				D6927B892474ED383333C2DE /* Pods-OrtografieQuizTests.debug.xcconfig */,
				3E6D03414DF2A4D4CDEF7052 /* Pods-OrtografieQuizTests.release.xcconfig */,
			);
			path = Pods;
			sourceTree = "<group>";
		};
/* End PBXGroup section */

/* Begin PBXNativeTarget section */
		41BE29BA245C4C9A009B01C4 /* OrtografieQuiz */ = {
			isa = PBXNativeTarget;
			buildConfigurationList = 41BE29DA245C4C9E009B01C4 /* Build configuration list for PBXNativeTarget "OrtografieQuiz" */;
			buildPhases = (
				9CFBEF8B90C0B319CE636F96 /* [CP] Check Pods Manifest.lock */,
				41BE29B7245C4C9A009B01C4 /* Sources */,
				41BE29B8245C4C9A009B01C4 /* Frameworks */,
				41BE29B9245C4C9A009B01C4 /* Resources */,
				C1DCFEBEA545DE3CF25C2582 /* [CP] Embed Pods Frameworks */,
			);
			buildRules = (
			);
			dependencies = (
			);
			name = OrtografieQuiz;
			productName = OrtografieQuiz;
			productReference = 41BE29BB245C4C9A009B01C4 /* OrtografieQuiz.app */;
			productType = "com.apple.product-type.application";
		};
		41BE29D0245C4C9E009B01C4 /* OrtografieQuizTests */ = {
			isa = PBXNativeTarget;
			buildConfigurationList = 41BE29DD245C4C9E009B01C4 /* Build configuration list for PBXNativeTarget "OrtografieQuizTests" */;
			buildPhases = (
				8D9AEF780071EBCFC853072B /* [CP] Check Pods Manifest.lock */,
				41BE29CD245C4C9E009B01C4 /* Sources */,
				41BE29CE245C4C9E009B01C4 /* Frameworks */,
				41BE29CF245C4C9E009B01C4 /* Resources */,
			);
			buildRules = (
			);
			dependencies = (
				41BE29D3245C4C9E009B01C4 /* PBXTargetDependency */,
			);
			name = OrtografieQuizTests;
			productName = OrtografieQuizTests;
			productReference = 41BE29D1245C4C9E009B01C4 /* OrtografieQuizTests.xctest */;
			productType = "com.apple.product-type.bundle.unit-test";
		};
/* End PBXNativeTarget section */

/* Begin PBXProject section */
		41BE29B3245C4C9A009B01C4 /* Project object */ = {
			isa = PBXProject;
			attributes = {
				LastSwiftUpdateCheck = 1140;
				LastUpgradeCheck = 1140;
				ORGANIZATIONNAME = "dcg-351";
				TargetAttributes = {
					41BE29BA245C4C9A009B01C4 = {
						CreatedOnToolsVersion = 11.4.1;
						LastSwiftMigration = 1140;
					};
					41BE29D0245C4C9E009B01C4 = {
						CreatedOnToolsVersion = 11.4.1;
						TestTargetID = 41BE29BA245C4C9A009B01C4;
					};
				};
			};
			buildConfigurationList = 41BE29B6245C4C9A009B01C4 /* Build configuration list for PBXProject "OrtografieQuiz" */;
			compatibilityVersion = "Xcode 9.3";
			developmentRegion = en;
			hasScannedForEncodings = 0;
			knownRegions = (
				en,
				Base,
			);
			mainGroup = 41BE29B2245C4C9A009B01C4;
			productRefGroup = 41BE29BC245C4C9A009B01C4 /* Products */;
			projectDirPath = "";
			projectRoot = "";
			targets = (
				41BE29BA245C4C9A009B01C4 /* OrtografieQuiz */,
				41BE29D0245C4C9E009B01C4 /* OrtografieQuizTests */,
			);
		};
/* End PBXProject section */

/* Begin PBXResourcesBuildPhase section */
		41BE29B9245C4C9A009B01C4 /* Resources */ = {
			isa = PBXResourcesBuildPhase;
			buildActionMask = 2147483647;
			files = (
				41BE29CB245C4C9D009B01C4 /* LaunchScreen.storyboard in Resources */,
				41BE29C8245C4C9D009B01C4 /* Assets.xcassets in Resources */,
				41BE29C6245C4C9A009B01C4 /* Main.storyboard in Resources */,
				41FD91A52469B2E200F2FC36 /* ProgressHUD.bundle in Resources */,
				4114E1C2245C5FF7004723D5 /* GoogleService-Info.plist in Resources */,
			);
			runOnlyForDeploymentPostprocessing = 0;
		};
		41BE29CF245C4C9E009B01C4 /* Resources */ = {
			isa = PBXResourcesBuildPhase;
			buildActionMask = 2147483647;
			files = (
			);
			runOnlyForDeploymentPostprocessing = 0;
		};
/* End PBXResourcesBuildPhase section */

/* Begin PBXShellScriptBuildPhase section */
		8D9AEF780071EBCFC853072B /* [CP] Check Pods Manifest.lock */ = {
			isa = PBXShellScriptBuildPhase;
			buildActionMask = 2147483647;
			files = (
			);
			inputFileListPaths = (
			);
			inputPaths = (
				"${PODS_PODFILE_DIR_PATH}/Podfile.lock",
				"${PODS_ROOT}/Manifest.lock",
			);
			name = "[CP] Check Pods Manifest.lock";
			outputFileListPaths = (
			);
			outputPaths = (
				"$(DERIVED_FILE_DIR)/Pods-OrtografieQuizTests-checkManifestLockResult.txt",
			);
			runOnlyForDeploymentPostprocessing = 0;
			shellPath = /bin/sh;
			shellScript = "diff \"${PODS_PODFILE_DIR_PATH}/Podfile.lock\" \"${PODS_ROOT}/Manifest.lock\" > /dev/null\nif [ $? != 0 ] ; then\n    # print error to STDERR\n    echo \"error: The sandbox is not in sync with the Podfile.lock. Run 'pod install' or update your CocoaPods installation.\" >&2\n    exit 1\nfi\n# This output is used by Xcode 'outputs' to avoid re-running this script phase.\necho \"SUCCESS\" > \"${SCRIPT_OUTPUT_FILE_0}\"\n";
			showEnvVarsInLog = 0;
		};
		9CFBEF8B90C0B319CE636F96 /* [CP] Check Pods Manifest.lock */ = {
			isa = PBXShellScriptBuildPhase;
			buildActionMask = 2147483647;
			files = (
			);
			inputFileListPaths = (
			);
			inputPaths = (
				"${PODS_PODFILE_DIR_PATH}/Podfile.lock",
				"${PODS_ROOT}/Manifest.lock",
			);
			name = "[CP] Check Pods Manifest.lock";
			outputFileListPaths = (
			);
			outputPaths = (
				"$(DERIVED_FILE_DIR)/Pods-OrtografieQuiz-checkManifestLockResult.txt",
			);
			runOnlyForDeploymentPostprocessing = 0;
			shellPath = /bin/sh;
			shellScript = "diff \"${PODS_PODFILE_DIR_PATH}/Podfile.lock\" \"${PODS_ROOT}/Manifest.lock\" > /dev/null\nif [ $? != 0 ] ; then\n    # print error to STDERR\n    echo \"error: The sandbox is not in sync with the Podfile.lock. Run 'pod install' or update your CocoaPods installation.\" >&2\n    exit 1\nfi\n# This output is used by Xcode 'outputs' to avoid re-running this script phase.\necho \"SUCCESS\" > \"${SCRIPT_OUTPUT_FILE_0}\"\n";
			showEnvVarsInLog = 0;
		};
		C1DCFEBEA545DE3CF25C2582 /* [CP] Embed Pods Frameworks */ = {
			isa = PBXShellScriptBuildPhase;
			buildActionMask = 2147483647;
			files = (
			);
			inputFileListPaths = (
				"${PODS_ROOT}/Target Support Files/Pods-OrtografieQuiz/Pods-OrtografieQuiz-frameworks-${CONFIGURATION}-input-files.xcfilelist",
			);
			name = "[CP] Embed Pods Frameworks";
			outputFileListPaths = (
				"${PODS_ROOT}/Target Support Files/Pods-OrtografieQuiz/Pods-OrtografieQuiz-frameworks-${CONFIGURATION}-output-files.xcfilelist",
			);
			runOnlyForDeploymentPostprocessing = 0;
			shellPath = /bin/sh;
			shellScript = "\"${PODS_ROOT}/Target Support Files/Pods-OrtografieQuiz/Pods-OrtografieQuiz-frameworks.sh\"\n";
			showEnvVarsInLog = 0;
		};
/* End PBXShellScriptBuildPhase section */

/* Begin PBXSourcesBuildPhase section */
		41BE29B7245C4C9A009B01C4 /* Sources */ = {
			isa = PBXSourcesBuildPhase;
			buildActionMask = 2147483647;
			files = (
				41FD91A62469B2E200F2FC36 /* ProgressHUD.m in Sources */,
				416D138A247C203F00692CF2 /* SignUpViewController.swift in Sources */,
				41BE29C3245C4C9A009B01C4 /* ViewController.swift in Sources */,
				416D1394247C415400692CF2 /* LoginAndSignUpViewController.swift in Sources */,
				418F225224668A23000743C8 /* Question.swift in Sources */,
				416D138C247C204E00692CF2 /* LogInViewController.swift in Sources */,
				41AEFD65247D592300FF386D /* Clasament.swift in Sources */,
				416D138E247C205C00692CF2 /* HomeViewController.swift in Sources */,
				41BE29BF245C4C9A009B01C4 /* AppDelegate.swift in Sources */,
				418F225424668AF4000743C8 /* QuestionBank.swift in Sources */,
				416D1391247C3ED500692CF2 /* Utilities.swift in Sources */,
				41BE29C1245C4C9A009B01C4 /* SceneDelegate.swift in Sources */,
				416D1396247C4F7800692CF2 /* Constants.swift in Sources */,
			);
			runOnlyForDeploymentPostprocessing = 0;
		};
		41BE29CD245C4C9E009B01C4 /* Sources */ = {
			isa = PBXSourcesBuildPhase;
			buildActionMask = 2147483647;
			files = (
				41BE29D6245C4C9E009B01C4 /* OrtografieQuizTests.swift in Sources */,
			);
			runOnlyForDeploymentPostprocessing = 0;
		};
/* End PBXSourcesBuildPhase section */

/* Begin PBXTargetDependency section */
		41BE29D3245C4C9E009B01C4 /* PBXTargetDependency */ = {
			isa = PBXTargetDependency;
			target = 41BE29BA245C4C9A009B01C4 /* OrtografieQuiz */;
			targetProxy = 41BE29D2245C4C9E009B01C4 /* PBXContainerItemProxy */;
		};
/* End PBXTargetDependency section */

/* Begin PBXVariantGroup section */
		41BE29C4245C4C9A009B01C4 /* Main.storyboard */ = {
			isa = PBXVariantGroup;
			children = (
				41BE29C5245C4C9A009B01C4 /* Base */,
			);
			name = Main.storyboard;
			sourceTree = "<group>";
		};
		41BE29C9245C4C9D009B01C4 /* LaunchScreen.storyboard */ = {
			isa = PBXVariantGroup;
			children = (
				41BE29CA245C4C9D009B01C4 /* Base */,
			);
			name = LaunchScreen.storyboard;
			sourceTree = "<group>";
		};
/* End PBXVariantGroup section */

/* Begin XCBuildConfiguration section */
		41BE29D8245C4C9E009B01C4 /* Debug */ = {
			isa = XCBuildConfiguration;
			buildSettings = {
				ALWAYS_SEARCH_USER_PATHS = NO;
				CLANG_ANALYZER_NONNULL = YES;
				CLANG_ANALYZER_NUMBER_OBJECT_CONVERSION = YES_AGGRESSIVE;
				CLANG_CXX_LANGUAGE_STANDARD = "gnu++14";
				CLANG_CXX_LIBRARY = "libc++";
				CLANG_ENABLE_MODULES = YES;
				CLANG_ENABLE_OBJC_ARC = YES;
				CLANG_ENABLE_OBJC_WEAK = YES;
				CLANG_WARN_BLOCK_CAPTURE_AUTORELEASING = YES;
				CLANG_WARN_BOOL_CONVERSION = YES;
				CLANG_WARN_COMMA = YES;
				CLANG_WARN_CONSTANT_CONVERSION = YES;
				CLANG_WARN_DEPRECATED_OBJC_IMPLEMENTATIONS = YES;
				CLANG_WARN_DIRECT_OBJC_ISA_USAGE = YES_ERROR;
				CLANG_WARN_DOCUMENTATION_COMMENTS = YES;
				CLANG_WARN_EMPTY_BODY = YES;
				CLANG_WARN_ENUM_CONVERSION = YES;
				CLANG_WARN_INFINITE_RECURSION = YES;
				CLANG_WARN_INT_CONVERSION = YES;
				CLANG_WARN_NON_LITERAL_NULL_CONVERSION = YES;
				CLANG_WARN_OBJC_IMPLICIT_RETAIN_SELF = YES;
				CLANG_WARN_OBJC_LITERAL_CONVERSION = YES;
				CLANG_WARN_OBJC_ROOT_CLASS = YES_ERROR;
				CLANG_WARN_RANGE_LOOP_ANALYSIS = YES;
				CLANG_WARN_STRICT_PROTOTYPES = YES;
				CLANG_WARN_SUSPICIOUS_MOVE = YES;
				CLANG_WARN_UNGUARDED_AVAILABILITY = YES_AGGRESSIVE;
				CLANG_WARN_UNREACHABLE_CODE = YES;
				CLANG_WARN__DUPLICATE_METHOD_MATCH = YES;
				COPY_PHASE_STRIP = NO;
				DEBUG_INFORMATION_FORMAT = dwarf;
				ENABLE_STRICT_OBJC_MSGSEND = YES;
				ENABLE_TESTABILITY = YES;
				GCC_C_LANGUAGE_STANDARD = gnu11;
				GCC_DYNAMIC_NO_PIC = NO;
				GCC_NO_COMMON_BLOCKS = YES;
				GCC_OPTIMIZATION_LEVEL = 0;
				GCC_PREPROCESSOR_DEFINITIONS = (
					"DEBUG=1",
					"$(inherited)",
				);
				GCC_WARN_64_TO_32_BIT_CONVERSION = YES;
				GCC_WARN_ABOUT_RETURN_TYPE = YES_ERROR;
				GCC_WARN_UNDECLARED_SELECTOR = YES;
				GCC_WARN_UNINITIALIZED_AUTOS = YES_AGGRESSIVE;
				GCC_WARN_UNUSED_FUNCTION = YES;
				GCC_WARN_UNUSED_VARIABLE = YES;
				IPHONEOS_DEPLOYMENT_TARGET = 13.4;
				MTL_ENABLE_DEBUG_INFO = INCLUDE_SOURCE;
				MTL_FAST_MATH = YES;
				ONLY_ACTIVE_ARCH = YES;
				SDKROOT = iphoneos;
				SWIFT_ACTIVE_COMPILATION_CONDITIONS = DEBUG;
				SWIFT_OPTIMIZATION_LEVEL = "-Onone";
			};
			name = Debug;
		};
		41BE29D9245C4C9E009B01C4 /* Release */ = {
			isa = XCBuildConfiguration;
			buildSettings = {
				ALWAYS_SEARCH_USER_PATHS = NO;
				CLANG_ANALYZER_NONNULL = YES;
				CLANG_ANALYZER_NUMBER_OBJECT_CONVERSION = YES_AGGRESSIVE;
				CLANG_CXX_LANGUAGE_STANDARD = "gnu++14";
				CLANG_CXX_LIBRARY = "libc++";
				CLANG_ENABLE_MODULES = YES;
				CLANG_ENABLE_OBJC_ARC = YES;
				CLANG_ENABLE_OBJC_WEAK = YES;
				CLANG_WARN_BLOCK_CAPTURE_AUTORELEASING = YES;
				CLANG_WARN_BOOL_CONVERSION = YES;
				CLANG_WARN_COMMA = YES;
				CLANG_WARN_CONSTANT_CONVERSION = YES;
				CLANG_WARN_DEPRECATED_OBJC_IMPLEMENTATIONS = YES;
				CLANG_WARN_DIRECT_OBJC_ISA_USAGE = YES_ERROR;
				CLANG_WARN_DOCUMENTATION_COMMENTS = YES;
				CLANG_WARN_EMPTY_BODY = YES;
				CLANG_WARN_ENUM_CONVERSION = YES;
				CLANG_WARN_INFINITE_RECURSION = YES;
				CLANG_WARN_INT_CONVERSION = YES;
				CLANG_WARN_NON_LITERAL_NULL_CONVERSION = YES;
				CLANG_WARN_OBJC_IMPLICIT_RETAIN_SELF = YES;
				CLANG_WARN_OBJC_LITERAL_CONVERSION = YES;
				CLANG_WARN_OBJC_ROOT_CLASS = YES_ERROR;
				CLANG_WARN_RANGE_LOOP_ANALYSIS = YES;
				CLANG_WARN_STRICT_PROTOTYPES = YES;
				CLANG_WARN_SUSPICIOUS_MOVE = YES;
				CLANG_WARN_UNGUARDED_AVAILABILITY = YES_AGGRESSIVE;
				CLANG_WARN_UNREACHABLE_CODE = YES;
				CLANG_WARN__DUPLICATE_METHOD_MATCH = YES;
				COPY_PHASE_STRIP = NO;
				DEBUG_INFORMATION_FORMAT = "dwarf-with-dsym";
				ENABLE_NS_ASSERTIONS = NO;
				ENABLE_STRICT_OBJC_MSGSEND = YES;
				GCC_C_LANGUAGE_STANDARD = gnu11;
				GCC_NO_COMMON_BLOCKS = YES;
				GCC_WARN_64_TO_32_BIT_CONVERSION = YES;
				GCC_WARN_ABOUT_RETURN_TYPE = YES_ERROR;
				GCC_WARN_UNDECLARED_SELECTOR = YES;
				GCC_WARN_UNINITIALIZED_AUTOS = YES_AGGRESSIVE;
				GCC_WARN_UNUSED_FUNCTION = YES;
				GCC_WARN_UNUSED_VARIABLE = YES;
				IPHONEOS_DEPLOYMENT_TARGET = 13.4;
				MTL_ENABLE_DEBUG_INFO = NO;
				MTL_FAST_MATH = YES;
				SDKROOT = iphoneos;
				SWIFT_COMPILATION_MODE = wholemodule;
				SWIFT_OPTIMIZATION_LEVEL = "-O";
				VALIDATE_PRODUCT = YES;
			};
			name = Release;
		};
		41BE29DB245C4C9E009B01C4 /* Debug */ = {
			isa = XCBuildConfiguration;
			baseConfigurationReference = B4715D2142C5546B6EC8DE66 /* Pods-OrtografieQuiz.debug.xcconfig */;
			buildSettings = {
				ASSETCATALOG_COMPILER_APPICON_NAME = AppIcon;
				CLANG_ENABLE_MODULES = YES;
				CODE_SIGN_STYLE = Automatic;
				INFOPLIST_FILE = OrtografieQuiz/Info.plist;
				LD_RUNPATH_SEARCH_PATHS = (
					"$(inherited)",
					"@executable_path/Frameworks",
				);
				PRODUCT_BUNDLE_IDENTIFIER = "dcg-351.com.OrtografieQuiz";
				PRODUCT_NAME = "$(TARGET_NAME)";
				SWIFT_OBJC_BRIDGING_HEADER = "OrtografieQuiz/Utils/OrtografieQuiz-Bridging-Header.h";
				SWIFT_OPTIMIZATION_LEVEL = "-Onone";
				SWIFT_VERSION = 5.0;
				TARGETED_DEVICE_FAMILY = "1,2";
			};
			name = Debug;
		};
		41BE29DC245C4C9E009B01C4 /* Release */ = {
			isa = XCBuildConfiguration;
			baseConfigurationReference = 4A7A454AD2B8C714067FB33B /* Pods-OrtografieQuiz.release.xcconfig */;
			buildSettings = {
				ASSETCATALOG_COMPILER_APPICON_NAME = AppIcon;
				CLANG_ENABLE_MODULES = YES;
				CODE_SIGN_STYLE = Automatic;
				INFOPLIST_FILE = OrtografieQuiz/Info.plist;
				LD_RUNPATH_SEARCH_PATHS = (
					"$(inherited)",
					"@executable_path/Frameworks",
				);
				PRODUCT_BUNDLE_IDENTIFIER = "dcg-351.com.OrtografieQuiz";
				PRODUCT_NAME = "$(TARGET_NAME)";
				SWIFT_OBJC_BRIDGING_HEADER = "OrtografieQuiz/Utils/OrtografieQuiz-Bridging-Header.h";
				SWIFT_VERSION = 5.0;
				TARGETED_DEVICE_FAMILY = "1,2";
			};
			name = Release;
		};
		41BE29DE245C4C9E009B01C4 /* Debug */ = {
			isa = XCBuildConfiguration;
			baseConfigurationReference = D6927B892474ED383333C2DE /* Pods-OrtografieQuizTests.debug.xcconfig */;
			buildSettings = {
				ALWAYS_EMBED_SWIFT_STANDARD_LIBRARIES = YES;
				BUNDLE_LOADER = "$(TEST_HOST)";
				CODE_SIGN_STYLE = Automatic;
				INFOPLIST_FILE = OrtografieQuizTests/Info.plist;
				IPHONEOS_DEPLOYMENT_TARGET = 13.4;
				LD_RUNPATH_SEARCH_PATHS = (
					"$(inherited)",
					"@executable_path/Frameworks",
					"@loader_path/Frameworks",
				);
				PRODUCT_BUNDLE_IDENTIFIER = "dcg-351.com.OrtografieQuizTests";
				PRODUCT_NAME = "$(TARGET_NAME)";
				SWIFT_VERSION = 5.0;
				TARGETED_DEVICE_FAMILY = "1,2";
				TEST_HOST = "$(BUILT_PRODUCTS_DIR)/OrtografieQuiz.app/OrtografieQuiz";
			};
			name = Debug;
		};
		41BE29DF245C4C9E009B01C4 /* Release */ = {
			isa = XCBuildConfiguration;
			baseConfigurationReference = 3E6D03414DF2A4D4CDEF7052 /* Pods-OrtografieQuizTests.release.xcconfig */;
			buildSettings = {
				ALWAYS_EMBED_SWIFT_STANDARD_LIBRARIES = YES;
				BUNDLE_LOADER = "$(TEST_HOST)";
				CODE_SIGN_STYLE = Automatic;
				INFOPLIST_FILE = OrtografieQuizTests/Info.plist;
				IPHONEOS_DEPLOYMENT_TARGET = 13.4;
				LD_RUNPATH_SEARCH_PATHS = (
					"$(inherited)",
					"@executable_path/Frameworks",
					"@loader_path/Frameworks",
				);
				PRODUCT_BUNDLE_IDENTIFIER = "dcg-351.com.OrtografieQuizTests";
				PRODUCT_NAME = "$(TARGET_NAME)";
				SWIFT_VERSION = 5.0;
				TARGETED_DEVICE_FAMILY = "1,2";
				TEST_HOST = "$(BUILT_PRODUCTS_DIR)/OrtografieQuiz.app/OrtografieQuiz";
			};
			name = Release;
		};
/* End XCBuildConfiguration section */

/* Begin XCConfigurationList section */
		41BE29B6245C4C9A009B01C4 /* Build configuration list for PBXProject "OrtografieQuiz" */ = {
			isa = XCConfigurationList;
			buildConfigurations = (
				41BE29D8245C4C9E009B01C4 /* Debug */,
				41BE29D9245C4C9E009B01C4 /* Release */,
			);
			defaultConfigurationIsVisible = 0;
			defaultConfigurationName = Release;
		};
		41BE29DA245C4C9E009B01C4 /* Build configuration list for PBXNativeTarget "OrtografieQuiz" */ = {
			isa = XCConfigurationList;
			buildConfigurations = (
				41BE29DB245C4C9E009B01C4 /* Debug */,
				41BE29DC245C4C9E009B01C4 /* Release */,
			);
			defaultConfigurationIsVisible = 0;
			defaultConfigurationName = Release;
		};
		41BE29DD245C4C9E009B01C4 /* Build configuration list for PBXNativeTarget "OrtografieQuizTests" */ = {
			isa = XCConfigurationList;
			buildConfigurations = (
				41BE29DE245C4C9E009B01C4 /* Debug */,
				41BE29DF245C4C9E009B01C4 /* Release */,
			);
			defaultConfigurationIsVisible = 0;
			defaultConfigurationName = Release;
		};
/* End XCConfigurationList section */
	};
	rootObject = 41BE29B3245C4C9A009B01C4 /* Project object */;
}
